
Microsoft Visual Studio Solution File, Format Version 12.00
# Visual Studio 15
VisualStudioVersion = 15.0.28010.2050
MinimumVisualStudioVersion = 10.0.40219.1
Project("{FAE04EC0-301F-11D3-BF4B-00C04F79EFBC}") = "TelegramBotNet", "TelegramBotNet\TelegramBotNet.csproj", "{E62E9120-F055-4F82-923B-4DC115A19156}"
EndProject
Project("{FAE04EC0-301F-11D3-BF4B-00C04F79EFBC}") = "WebApplication1", "WebApplication1\WebApplication1.csproj", "{9DF76334-977C-40C6-8220-A5C4BD8CE672}"
EndProject
Global
	GlobalSection(SolutionConfigurationPlatforms) = preSolution
		Debug|Any CPU = Debug|Any CPU
		Release|Any CPU = Release|Any CPU
	EndGlobalSection
	GlobalSection(ProjectConfigurationPlatforms) = postSolution
		{E62E9120-F055-4F82-923B-4DC115A19156}.Debug|Any CPU.ActiveCfg = Debug|Any CPU
		{E62E9120-F055-4F82-923B-4DC115A19156}.Debug|Any CPU.Build.0 = Debug|Any CPU
		{E62E9120-F055-4F82-923B-4DC115A19156}.Release|Any CPU.ActiveCfg = Release|Any CPU
		{E62E9120-F055-4F82-923B-4DC115A19156}.Release|Any CPU.Build.0 = Release|Any CPU
		{9DF76334-977C-40C6-8220-A5C4BD8CE672}.Debug|Any CPU.ActiveCfg = Debug|Any CPU
		{9DF76334-977C-40C6-8220-A5C4BD8CE672}.Debug|Any CPU.Build.0 = Debug|Any CPU
		{9DF76334-977C-40C6-8220-A5C4BD8CE672}.Release|Any CPU.ActiveCfg = Release|Any CPU
		{9DF76334-977C-40C6-8220-A5C4BD8CE672}.Release|Any CPU.Build.0 = Release|Any CPU
	EndGlobalSection
	GlobalSection(SolutionProperties) = preSolution
		HideSolutionNode = FALSE
	EndGlobalSection
	GlobalSection(ExtensibilityGlobals) = postSolution
		SolutionGuid = {3363BBFB-66E9-40E4-A75F-0160C636FDEF}
	EndGlobalSection
EndGlobal
